
Microsoft Visual Studio Solution File, Format Version 12.00
# Visual Studio Version 17
VisualStudioVersion = 17.3.32922.545
MinimumVisualStudioVersion = 10.0.40219.1
Project("{FAE04EC0-301F-11D3-BF4B-00C04F79EFBC}") = "XamarinTestApp.Android", "XamarinTestApp.Android\XamarinTestApp.Android.csproj", "{7158211C-F4C5-4FD2-9F1C-9BF17B3AFDA1}"
EndProject
Project("{FAE04EC0-301F-11D3-BF4B-00C04F79EFBC}") = "XamarinTestApp", "XamarinTestApp\XamarinTestApp.csproj", "{373D4A00-4914-4AAC-8034-EA65399805EE}"
EndProject
Global
	GlobalSection(SolutionConfigurationPlatforms) = preSolution
		Debug|Any CPU = Debug|Any CPU
		Release|Any CPU = Release|Any CPU
	EndGlobalSection
	GlobalSection(ProjectConfigurationPlatforms) = postSolution
		{7158211C-F4C5-4FD2-9F1C-9BF17B3AFDA1}.Debug|Any CPU.ActiveCfg = Debug|Any CPU
		{7158211C-F4C5-4FD2-9F1C-9BF17B3AFDA1}.Debug|Any CPU.Build.0 = Debug|Any CPU
		{7158211C-F4C5-4FD2-9F1C-9BF17B3AFDA1}.Debug|Any CPU.Deploy.0 = Debug|Any CPU
		{7158211C-F4C5-4FD2-9F1C-9BF17B3AFDA1}.Release|Any CPU.ActiveCfg = Release|Any CPU
		{7158211C-F4C5-4FD2-9F1C-9BF17B3AFDA1}.Release|Any CPU.Build.0 = Release|Any CPU
		{7158211C-F4C5-4FD2-9F1C-9BF17B3AFDA1}.Release|Any CPU.Deploy.0 = Release|Any CPU
		{373D4A00-4914-4AAC-8034-EA65399805EE}.Debug|Any CPU.ActiveCfg = Debug|Any CPU
		{373D4A00-4914-4AAC-8034-EA65399805EE}.Debug|Any CPU.Build.0 = Debug|Any CPU
		{373D4A00-4914-4AAC-8034-EA65399805EE}.Debug|Any CPU.Deploy.0 = Debug|Any CPU
		{373D4A00-4914-4AAC-8034-EA65399805EE}.Release|Any CPU.ActiveCfg = Release|Any CPU
		{373D4A00-4914-4AAC-8034-EA65399805EE}.Release|Any CPU.Build.0 = Release|Any CPU
		{373D4A00-4914-4AAC-8034-EA65399805EE}.Release|Any CPU.Deploy.0 = Release|Any CPU
	EndGlobalSection
	GlobalSection(SolutionProperties) = preSolution
		HideSolutionNode = FALSE
	EndGlobalSection
	GlobalSection(ExtensibilityGlobals) = postSolution
		SolutionGuid = {AEB5B406-A6BA-4FBC-A33F-09F11313ED04}
	EndGlobalSection
EndGlobal
